// !$*UTF8*$!
{
	archiveVersion = 1;
	classes = {
	};
	objectVersion = 46;
	objects = {

/* Begin PBXBuildFile section */
		28FD5CC818C106BA00386E2D /* Foundation.framework in Frameworks */ = {isa = PBXBuildFile; fileRef = 28FD5CC718C106BA00386E2D /* Foundation.framework */; };
		28FD5CCA18C106BA00386E2D /* CoreGraphics.framework in Frameworks */ = {isa = PBXBuildFile; fileRef = 28FD5CC918C106BA00386E2D /* CoreGraphics.framework */; };
		28FD5CCC18C106BA00386E2D /* UIKit.framework in Frameworks */ = {isa = PBXBuildFile; fileRef = 28FD5CCB18C106BA00386E2D /* UIKit.framework */; };
		28FD5CD218C106BA00386E2D /* InfoPlist.strings in Resources */ = {isa = PBXBuildFile; fileRef = 28FD5CD018C106BA00386E2D /* InfoPlist.strings */; };
		28FD5CD418C106BA00386E2D /* main.m in Sources */ = {isa = PBXBuildFile; fileRef = 28FD5CD318C106BA00386E2D /* main.m */; };
		28FD5CD818C106BA00386E2D /* FBFAppDelegate.m in Sources */ = {isa = PBXBuildFile; fileRef = 28FD5CD718C106BA00386E2D /* FBFAppDelegate.m */; };
		28FD5CDB18C106BA00386E2D /* Main.storyboard in Resources */ = {isa = PBXBuildFile; fileRef = 28FD5CD918C106BA00386E2D /* Main.storyboard */; };
		28FD5CDE18C106BA00386E2D /* FBFViewController.m in Sources */ = {isa = PBXBuildFile; fileRef = 28FD5CDD18C106BA00386E2D /* FBFViewController.m */; };
		28FD5CE018C106BA00386E2D /* Images.xcassets in Resources */ = {isa = PBXBuildFile; fileRef = 28FD5CDF18C106BA00386E2D /* Images.xcassets */; };
		28FD5CE718C106BA00386E2D /* XCTest.framework in Frameworks */ = {isa = PBXBuildFile; fileRef = 28FD5CE618C106BA00386E2D /* XCTest.framework */; };
		28FD5CE818C106BA00386E2D /* Foundation.framework in Frameworks */ = {isa = PBXBuildFile; fileRef = 28FD5CC718C106BA00386E2D /* Foundation.framework */; };
		28FD5CE918C106BA00386E2D /* UIKit.framework in Frameworks */ = {isa = PBXBuildFile; fileRef = 28FD5CCB18C106BA00386E2D /* UIKit.framework */; };
		28FD5CF118C106BA00386E2D /* InfoPlist.strings in Resources */ = {isa = PBXBuildFile; fileRef = 28FD5CEF18C106BA00386E2D /* InfoPlist.strings */; };
		28FD5CF318C106BA00386E2D /* GoogleAnalyticsXiosTests.m in Sources */ = {isa = PBXBuildFile; fileRef = 28FD5CF218C106BA00386E2D /* GoogleAnalyticsXiosTests.m */; };
		28FD5D0418C107FE00386E2D /* libGoogleAnalyticsServices.a in Frameworks */ = {isa = PBXBuildFile; fileRef = 28FD5D0318C107FE00386E2D /* libGoogleAnalyticsServices.a */; };
		28FD5D0618C1081B00386E2D /* CoreData.framework in Frameworks */ = {isa = PBXBuildFile; fileRef = 28FD5D0518C1081B00386E2D /* CoreData.framework */; };
		28FD5D0818C1082700386E2D /* SystemConfiguration.framework in Frameworks */ = {isa = PBXBuildFile; fileRef = 28FD5D0718C1082700386E2D /* SystemConfiguration.framework */; };
		28FD5D0A18C1083600386E2D /* libz.dylib in Frameworks */ = {isa = PBXBuildFile; fileRef = 28FD5D0918C1083600386E2D /* libz.dylib */; };
		28FD5D0D18C10A0000386E2D /* ManualViewController.m in Sources */ = {isa = PBXBuildFile; fileRef = 28FD5D0C18C10A0000386E2D /* ManualViewController.m */; };
		28FD5D0F18C10CE000386E2D /* googleAnalyticsNotes.txt in Resources */ = {isa = PBXBuildFile; fileRef = 28FD5D0E18C10CE000386E2D /* googleAnalyticsNotes.txt */; };
/* End PBXBuildFile section */

/* Begin PBXContainerItemProxy section */
		28FD5CEA18C106BA00386E2D /* PBXContainerItemProxy */ = {
			isa = PBXContainerItemProxy;
			containerPortal = 28FD5CBC18C106B900386E2D /* Project object */;
			proxyType = 1;
			remoteGlobalIDString = 28FD5CC318C106BA00386E2D;
			remoteInfo = GoogleAnalyticsXios;
		};
/* End PBXContainerItemProxy section */

/* Begin PBXFileReference section */
		28FD5CC418C106BA00386E2D /* GoogleAnalyticsXios.app */ = {isa = PBXFileReference; explicitFileType = wrapper.application; includeInIndex = 0; path = GoogleAnalyticsXios.app; sourceTree = BUILT_PRODUCTS_DIR; };
		28FD5CC718C106BA00386E2D /* Foundation.framework */ = {isa = PBXFileReference; lastKnownFileType = wrapper.framework; name = Foundation.framework; path = System/Library/Frameworks/Foundation.framework; sourceTree = SDKROOT; };
		28FD5CC918C106BA00386E2D /* CoreGraphics.framework */ = {isa = PBXFileReference; lastKnownFileType = wrapper.framework; name = CoreGraphics.framework; path = System/Library/Frameworks/CoreGraphics.framework; sourceTree = SDKROOT; };
		28FD5CCB18C106BA00386E2D /* UIKit.framework */ = {isa = PBXFileReference; lastKnownFileType = wrapper.framework; name = UIKit.framework; path = System/Library/Frameworks/UIKit.framework; sourceTree = SDKROOT; };
		28FD5CCF18C106BA00386E2D /* GoogleAnalyticsXios-Info.plist */ = {isa = PBXFileReference; lastKnownFileType = text.plist.xml; path = "GoogleAnalyticsXios-Info.plist"; sourceTree = "<group>"; };
		28FD5CD118C106BA00386E2D /* en */ = {isa = PBXFileReference; lastKnownFileType = text.plist.strings; name = en; path = en.lproj/InfoPlist.strings; sourceTree = "<group>"; };
		28FD5CD318C106BA00386E2D /* main.m */ = {isa = PBXFileReference; lastKnownFileType = sourcecode.c.objc; path = main.m; sourceTree = "<group>"; };
		28FD5CD518C106BA00386E2D /* GoogleAnalyticsXios-Prefix.pch */ = {isa = PBXFileReference; lastKnownFileType = sourcecode.c.h; path = "GoogleAnalyticsXios-Prefix.pch"; sourceTree = "<group>"; };
		28FD5CD618C106BA00386E2D /* FBFAppDelegate.h */ = {isa = PBXFileReference; lastKnownFileType = sourcecode.c.h; path = FBFAppDelegate.h; sourceTree = "<group>"; };
		28FD5CD718C106BA00386E2D /* FBFAppDelegate.m */ = {isa = PBXFileReference; lastKnownFileType = sourcecode.c.objc; path = FBFAppDelegate.m; sourceTree = "<group>"; };
		28FD5CDA18C106BA00386E2D /* Base */ = {isa = PBXFileReference; lastKnownFileType = file.storyboard; name = Base; path = Base.lproj/Main.storyboard; sourceTree = "<group>"; };
		28FD5CDC18C106BA00386E2D /* FBFViewController.h */ = {isa = PBXFileReference; lastKnownFileType = sourcecode.c.h; path = FBFViewController.h; sourceTree = "<group>"; };
		28FD5CDD18C106BA00386E2D /* FBFViewController.m */ = {isa = PBXFileReference; lastKnownFileType = sourcecode.c.objc; path = FBFViewController.m; sourceTree = "<group>"; };
		28FD5CDF18C106BA00386E2D /* Images.xcassets */ = {isa = PBXFileReference; lastKnownFileType = folder.assetcatalog; path = Images.xcassets; sourceTree = "<group>"; };
		28FD5CE518C106BA00386E2D /* GoogleAnalyticsXiosTests.xctest */ = {isa = PBXFileReference; explicitFileType = wrapper.cfbundle; includeInIndex = 0; path = GoogleAnalyticsXiosTests.xctest; sourceTree = BUILT_PRODUCTS_DIR; };
		28FD5CE618C106BA00386E2D /* XCTest.framework */ = {isa = PBXFileReference; lastKnownFileType = wrapper.framework; name = XCTest.framework; path = Library/Frameworks/XCTest.framework; sourceTree = DEVELOPER_DIR; };
		28FD5CEE18C106BA00386E2D /* GoogleAnalyticsXiosTests-Info.plist */ = {isa = PBXFileReference; lastKnownFileType = text.plist.xml; path = "GoogleAnalyticsXiosTests-Info.plist"; sourceTree = "<group>"; };
		28FD5CF018C106BA00386E2D /* en */ = {isa = PBXFileReference; lastKnownFileType = text.plist.strings; name = en; path = en.lproj/InfoPlist.strings; sourceTree = "<group>"; };
		28FD5CF218C106BA00386E2D /* GoogleAnalyticsXiosTests.m */ = {isa = PBXFileReference; lastKnownFileType = sourcecode.c.objc; path = GoogleAnalyticsXiosTests.m; sourceTree = "<group>"; };
		28FD5CFD18C107C300386E2D /* GAI.h */ = {isa = PBXFileReference; lastKnownFileType = sourcecode.c.h; path = GAI.h; sourceTree = "<group>"; };
		28FD5CFE18C107C300386E2D /* GAIDictionaryBuilder.h */ = {isa = PBXFileReference; lastKnownFileType = sourcecode.c.h; path = GAIDictionaryBuilder.h; sourceTree = "<group>"; };
		28FD5CFF18C107C300386E2D /* GAIFields.h */ = {isa = PBXFileReference; lastKnownFileType = sourcecode.c.h; path = GAIFields.h; sourceTree = "<group>"; };
		28FD5D0018C107C300386E2D /* GAILogger.h */ = {isa = PBXFileReference; lastKnownFileType = sourcecode.c.h; path = GAILogger.h; sourceTree = "<group>"; };
		28FD5D0118C107C300386E2D /* GAITrackedViewController.h */ = {isa = PBXFileReference; lastKnownFileType = sourcecode.c.h; path = GAITrackedViewController.h; sourceTree = "<group>"; };
		28FD5D0218C107C300386E2D /* GAITracker.h */ = {isa = PBXFileReference; lastKnownFileType = sourcecode.c.h; path = GAITracker.h; sourceTree = "<group>"; };
		28FD5D0318C107FE00386E2D /* libGoogleAnalyticsServices.a */ = {isa = PBXFileReference; lastKnownFileType = archive.ar; path = libGoogleAnalyticsServices.a; sourceTree = "<group>"; };
		28FD5D0518C1081B00386E2D /* CoreData.framework */ = {isa = PBXFileReference; lastKnownFileType = wrapper.framework; name = CoreData.framework; path = System/Library/Frameworks/CoreData.framework; sourceTree = SDKROOT; };
		28FD5D0718C1082700386E2D /* SystemConfiguration.framework */ = {isa = PBXFileReference; lastKnownFileType = wrapper.framework; name = SystemConfiguration.framework; path = System/Library/Frameworks/SystemConfiguration.framework; sourceTree = SDKROOT; };
		28FD5D0918C1083600386E2D /* libz.dylib */ = {isa = PBXFileReference; lastKnownFileType = "compiled.mach-o.dylib"; name = libz.dylib; path = usr/lib/libz.dylib; sourceTree = SDKROOT; };
		28FD5D0B18C10A0000386E2D /* ManualViewController.h */ = {isa = PBXFileReference; fileEncoding = 4; lastKnownFileType = sourcecode.c.h; path = ManualViewController.h; sourceTree = "<group>"; };
		28FD5D0C18C10A0000386E2D /* ManualViewController.m */ = {isa = PBXFileReference; fileEncoding = 4; lastKnownFileType = sourcecode.c.objc; path = ManualViewController.m; sourceTree = "<group>"; };
		28FD5D0E18C10CE000386E2D /* googleAnalyticsNotes.txt */ = {isa = PBXFileReference; fileEncoding = 4; lastKnownFileType = text; path = googleAnalyticsNotes.txt; sourceTree = "<group>"; };
/* End PBXFileReference section */

/* Begin PBXFrameworksBuildPhase section */
		28FD5CC118C106BA00386E2D /* Frameworks */ = {
			isa = PBXFrameworksBuildPhase;
			buildActionMask = 2147483647;
			files = (
				28FD5D0A18C1083600386E2D /* libz.dylib in Frameworks */,
				28FD5D0818C1082700386E2D /* SystemConfiguration.framework in Frameworks */,
				28FD5D0618C1081B00386E2D /* CoreData.framework in Frameworks */,
				28FD5CCA18C106BA00386E2D /* CoreGraphics.framework in Frameworks */,
				28FD5CCC18C106BA00386E2D /* UIKit.framework in Frameworks */,
				28FD5CC818C106BA00386E2D /* Foundation.framework in Frameworks */,
				28FD5D0418C107FE00386E2D /* libGoogleAnalyticsServices.a in Frameworks */,
			);
			runOnlyForDeploymentPostprocessing = 0;
		};
		28FD5CE218C106BA00386E2D /* Frameworks */ = {
			isa = PBXFrameworksBuildPhase;
			buildActionMask = 2147483647;
			files = (
				28FD5CE718C106BA00386E2D /* XCTest.framework in Frameworks */,
				28FD5CE918C106BA00386E2D /* UIKit.framework in Frameworks */,
				28FD5CE818C106BA00386E2D /* Foundation.framework in Frameworks */,
			);
			runOnlyForDeploymentPostprocessing = 0;
		};
/* End PBXFrameworksBuildPhase section */

/* Begin PBXGroup section */
		28FD5CBB18C106B900386E2D = {
			isa = PBXGroup;
			children = (
				28FD5CCD18C106BA00386E2D /* GoogleAnalyticsXios */,
				28FD5CEC18C106BA00386E2D /* GoogleAnalyticsXiosTests */,
				28FD5CC618C106BA00386E2D /* Frameworks */,
				28FD5CC518C106BA00386E2D /* Products */,
			);
			sourceTree = "<group>";
		};
		28FD5CC518C106BA00386E2D /* Products */ = {
			isa = PBXGroup;
			children = (
				28FD5CC418C106BA00386E2D /* GoogleAnalyticsXios.app */,
				28FD5CE518C106BA00386E2D /* GoogleAnalyticsXiosTests.xctest */,
			);
			name = Products;
			sourceTree = "<group>";
		};
		28FD5CC618C106BA00386E2D /* Frameworks */ = {
			isa = PBXGroup;
			children = (
				28FD5D0918C1083600386E2D /* libz.dylib */,
				28FD5D0718C1082700386E2D /* SystemConfiguration.framework */,
				28FD5D0518C1081B00386E2D /* CoreData.framework */,
				28FD5D0318C107FE00386E2D /* libGoogleAnalyticsServices.a */,
				28FD5CC718C106BA00386E2D /* Foundation.framework */,
				28FD5CC918C106BA00386E2D /* CoreGraphics.framework */,
				28FD5CCB18C106BA00386E2D /* UIKit.framework */,
				28FD5CE618C106BA00386E2D /* XCTest.framework */,
			);
			name = Frameworks;
			sourceTree = "<group>";
		};
		28FD5CCD18C106BA00386E2D /* GoogleAnalyticsXios */ = {
			isa = PBXGroup;
			children = (
				28FD5CFC18C107B200386E2D /* GoogleAnalytics */,
				28FD5CD618C106BA00386E2D /* FBFAppDelegate.h */,
				28FD5CD718C106BA00386E2D /* FBFAppDelegate.m */,
				28FD5CDC18C106BA00386E2D /* FBFViewController.h */,
				28FD5CDD18C106BA00386E2D /* FBFViewController.m */,
				28FD5CDF18C106BA00386E2D /* Images.xcassets */,
				28FD5CD918C106BA00386E2D /* Main.storyboard */,
				28FD5D0B18C10A0000386E2D /* ManualViewController.h */,
				28FD5D0C18C10A0000386E2D /* ManualViewController.m */,
				28FD5CCE18C106BA00386E2D /* Supporting Files */,
				28FD5D0E18C10CE000386E2D /* googleAnalyticsNotes.txt */,
			);
			path = GoogleAnalyticsXios;
			sourceTree = "<group>";
		};
		28FD5CCE18C106BA00386E2D /* Supporting Files */ = {
			isa = PBXGroup;
			children = (
				28FD5CCF18C106BA00386E2D /* GoogleAnalyticsXios-Info.plist */,
				28FD5CD018C106BA00386E2D /* InfoPlist.strings */,
				28FD5CD318C106BA00386E2D /* main.m */,
				28FD5CD518C106BA00386E2D /* GoogleAnalyticsXios-Prefix.pch */,
			);
			name = "Supporting Files";
			sourceTree = "<group>";
		};
		28FD5CEC18C106BA00386E2D /* GoogleAnalyticsXiosTests */ = {
			isa = PBXGroup;
			children = (
				28FD5CF218C106BA00386E2D /* GoogleAnalyticsXiosTests.m */,
				28FD5CED18C106BA00386E2D /* Supporting Files */,
			);
			path = GoogleAnalyticsXiosTests;
			sourceTree = "<group>";
		};
		28FD5CED18C106BA00386E2D /* Supporting Files */ = {
			isa = PBXGroup;
			children = (
				28FD5CEE18C106BA00386E2D /* GoogleAnalyticsXiosTests-Info.plist */,
				28FD5CEF18C106BA00386E2D /* InfoPlist.strings */,
			);
			name = "Supporting Files";
			sourceTree = "<group>";
		};
		28FD5CFC18C107B200386E2D /* GoogleAnalytics */ = {
			isa = PBXGroup;
			children = (
				28FD5CFD18C107C300386E2D /* GAI.h */,
				28FD5CFE18C107C300386E2D /* GAIDictionaryBuilder.h */,
				28FD5CFF18C107C300386E2D /* GAIFields.h */,
				28FD5D0018C107C300386E2D /* GAILogger.h */,
				28FD5D0118C107C300386E2D /* GAITrackedViewController.h */,
				28FD5D0218C107C300386E2D /* GAITracker.h */,
			);
			name = GoogleAnalytics;
			sourceTree = "<group>";
		};
/* End PBXGroup section */

/* Begin PBXNativeTarget section */
		28FD5CC318C106BA00386E2D /* GoogleAnalyticsXios */ = {
			isa = PBXNativeTarget;
			buildConfigurationList = 28FD5CF618C106BA00386E2D /* Build configuration list for PBXNativeTarget "GoogleAnalyticsXios" */;
			buildPhases = (
				28FD5CC018C106BA00386E2D /* Sources */,
				28FD5CC118C106BA00386E2D /* Frameworks */,
				28FD5CC218C106BA00386E2D /* Resources */,
			);
			buildRules = (
			);
			dependencies = (
			);
			name = GoogleAnalyticsXios;
			productName = GoogleAnalyticsXios;
			productReference = 28FD5CC418C106BA00386E2D /* GoogleAnalyticsXios.app */;
			productType = "com.apple.product-type.application";
		};
		28FD5CE418C106BA00386E2D /* GoogleAnalyticsXiosTests */ = {
			isa = PBXNativeTarget;
			buildConfigurationList = 28FD5CF918C106BA00386E2D /* Build configuration list for PBXNativeTarget "GoogleAnalyticsXiosTests" */;
			buildPhases = (
				28FD5CE118C106BA00386E2D /* Sources */,
				28FD5CE218C106BA00386E2D /* Frameworks */,
				28FD5CE318C106BA00386E2D /* Resources */,
			);
			buildRules = (
			);
			dependencies = (
				28FD5CEB18C106BA00386E2D /* PBXTargetDependency */,
			);
			name = GoogleAnalyticsXiosTests;
			productName = GoogleAnalyticsXiosTests;
			productReference = 28FD5CE518C106BA00386E2D /* GoogleAnalyticsXiosTests.xctest */;
			productType = "com.apple.product-type.bundle.unit-test";
		};
/* End PBXNativeTarget section */

/* Begin PBXProject section */
		28FD5CBC18C106B900386E2D /* Project object */ = {
			isa = PBXProject;
			attributes = {
				CLASSPREFIX = FBF;
				LastUpgradeCheck = 0500;
				ORGANIZATIONNAME = Mocura;
				TargetAttributes = {
					28FD5CE418C106BA00386E2D = {
						TestTargetID = 28FD5CC318C106BA00386E2D;
					};
				};
			};
			buildConfigurationList = 28FD5CBF18C106B900386E2D /* Build configuration list for PBXProject "GoogleAnalyticsXios" */;
			compatibilityVersion = "Xcode 3.2";
			developmentRegion = English;
			hasScannedForEncodings = 0;
			knownRegions = (
				en,
				Base,
			);
			mainGroup = 28FD5CBB18C106B900386E2D;
			productRefGroup = 28FD5CC518C106BA00386E2D /* Products */;
			projectDirPath = "";
			projectRoot = "";
			targets = (
				28FD5CC318C106BA00386E2D /* GoogleAnalyticsXios */,
				28FD5CE418C106BA00386E2D /* GoogleAnalyticsXiosTests */,
			);
		};
/* End PBXProject section */

/* Begin PBXResourcesBuildPhase section */
		28FD5CC218C106BA00386E2D /* Resources */ = {
			isa = PBXResourcesBuildPhase;
			buildActionMask = 2147483647;
			files = (
				28FD5D0F18C10CE000386E2D /* googleAnalyticsNotes.txt in Resources */,
				28FD5CE018C106BA00386E2D /* Images.xcassets in Resources */,
				28FD5CD218C106BA00386E2D /* InfoPlist.strings in Resources */,
				28FD5CDB18C106BA00386E2D /* Main.storyboard in Resources */,
			);
			runOnlyForDeploymentPostprocessing = 0;
		};
		28FD5CE318C106BA00386E2D /* Resources */ = {
			isa = PBXResourcesBuildPhase;
			buildActionMask = 2147483647;
			files = (
				28FD5CF118C106BA00386E2D /* InfoPlist.strings in Resources */,
			);
			runOnlyForDeploymentPostprocessing = 0;
		};
/* End PBXResourcesBuildPhase section */

/* Begin PBXSourcesBuildPhase section */
		28FD5CC018C106BA00386E2D /* Sources */ = {
			isa = PBXSourcesBuildPhase;
			buildActionMask = 2147483647;
			files = (
				28FD5CD418C106BA00386E2D /* main.m in Sources */,
				28FD5CD818C106BA00386E2D /* FBFAppDelegate.m in Sources */,
				28FD5D0D18C10A0000386E2D /* ManualViewController.m in Sources */,
				28FD5CDE18C106BA00386E2D /* FBFViewController.m in Sources */,
			);
			runOnlyForDeploymentPostprocessing = 0;
		};
		28FD5CE118C106BA00386E2D /* Sources */ = {
			isa = PBXSourcesBuildPhase;
			buildActionMask = 2147483647;
			files = (
				28FD5CF318C106BA00386E2D /* GoogleAnalyticsXiosTests.m in Sources */,
			);
			runOnlyForDeploymentPostprocessing = 0;
		};
/* End PBXSourcesBuildPhase section */

/* Begin PBXTargetDependency section */
		28FD5CEB18C106BA00386E2D /* PBXTargetDependency */ = {
			isa = PBXTargetDependency;
			target = 28FD5CC318C106BA00386E2D /* GoogleAnalyticsXios */;
			targetProxy = 28FD5CEA18C106BA00386E2D /* PBXContainerItemProxy */;
		};
/* End PBXTargetDependency section */

/* Begin PBXVariantGroup section */
		28FD5CD018C106BA00386E2D /* InfoPlist.strings */ = {
			isa = PBXVariantGroup;
			children = (
				28FD5CD118C106BA00386E2D /* en */,
			);
			name = InfoPlist.strings;
			sourceTree = "<group>";
		};
		28FD5CD918C106BA00386E2D /* Main.storyboard */ = {
			isa = PBXVariantGroup;
			children = (
				28FD5CDA18C106BA00386E2D /* Base */,
			);
			name = Main.storyboard;
			sourceTree = "<group>";
		};
		28FD5CEF18C106BA00386E2D /* InfoPlist.strings */ = {
			isa = PBXVariantGroup;
			children = (
				28FD5CF018C106BA00386E2D /* en */,
			);
			name = InfoPlist.strings;
			sourceTree = "<group>";
		};
/* End PBXVariantGroup section */

/* Begin XCBuildConfiguration section */
		28FD5CF418C106BA00386E2D /* Debug */ = {
			isa = XCBuildConfiguration;
			buildSettings = {
				ALWAYS_SEARCH_USER_PATHS = NO;
				ARCHS = "$(ARCHS_STANDARD_INCLUDING_64_BIT)";
				CLANG_CXX_LANGUAGE_STANDARD = "gnu++0x";
				CLANG_CXX_LIBRARY = "libc++";
				CLANG_ENABLE_MODULES = YES;
				CLANG_ENABLE_OBJC_ARC = YES;
				CLANG_WARN_BOOL_CONVERSION = YES;
				CLANG_WARN_CONSTANT_CONVERSION = YES;
				CLANG_WARN_DIRECT_OBJC_ISA_USAGE = YES_ERROR;
				CLANG_WARN_EMPTY_BODY = YES;
				CLANG_WARN_ENUM_CONVERSION = YES;
				CLANG_WARN_INT_CONVERSION = YES;
				CLANG_WARN_OBJC_ROOT_CLASS = YES_ERROR;
				CLANG_WARN__DUPLICATE_METHOD_MATCH = YES;
				"CODE_SIGN_IDENTITY[sdk=iphoneos*]" = "iPhone Developer";
				COPY_PHASE_STRIP = NO;
				GCC_C_LANGUAGE_STANDARD = gnu99;
				GCC_DYNAMIC_NO_PIC = NO;
				GCC_OPTIMIZATION_LEVEL = 0;
				GCC_PREPROCESSOR_DEFINITIONS = (
					"DEBUG=1",
					"$(inherited)",
				);
				GCC_SYMBOLS_PRIVATE_EXTERN = NO;
				GCC_WARN_64_TO_32_BIT_CONVERSION = YES;
				GCC_WARN_ABOUT_RETURN_TYPE = YES_ERROR;
				GCC_WARN_UNDECLARED_SELECTOR = YES;
				GCC_WARN_UNINITIALIZED_AUTOS = YES;
				GCC_WARN_UNUSED_FUNCTION = YES;
				GCC_WARN_UNUSED_VARIABLE = YES;
				IPHONEOS_DEPLOYMENT_TARGET = 7.0;
				ONLY_ACTIVE_ARCH = YES;
				SDKROOT = iphoneos;
			};
			name = Debug;
		};
		28FD5CF518C106BA00386E2D /* Release */ = {
			isa = XCBuildConfiguration;
			buildSettings = {
				ALWAYS_SEARCH_USER_PATHS = NO;
				ARCHS = "$(ARCHS_STANDARD_INCLUDING_64_BIT)";
				CLANG_CXX_LANGUAGE_STANDARD = "gnu++0x";
				CLANG_CXX_LIBRARY = "libc++";
				CLANG_ENABLE_MODULES = YES;
				CLANG_ENABLE_OBJC_ARC = YES;
				CLANG_WARN_BOOL_CONVERSION = YES;
				CLANG_WARN_CONSTANT_CONVERSION = YES;
				CLANG_WARN_DIRECT_OBJC_ISA_USAGE = YES_ERROR;
				CLANG_WARN_EMPTY_BODY = YES;
				CLANG_WARN_ENUM_CONVERSION = YES;
				CLANG_WARN_INT_CONVERSION = YES;
				CLANG_WARN_OBJC_ROOT_CLASS = YES_ERROR;
				CLANG_WARN__DUPLICATE_METHOD_MATCH = YES;
				"CODE_SIGN_IDENTITY[sdk=iphoneos*]" = "iPhone Developer";
				COPY_PHASE_STRIP = YES;
				ENABLE_NS_ASSERTIONS = NO;
				GCC_C_LANGUAGE_STANDARD = gnu99;
				GCC_WARN_64_TO_32_BIT_CONVERSION = YES;
				GCC_WARN_ABOUT_RETURN_TYPE = YES_ERROR;
				GCC_WARN_UNDECLARED_SELECTOR = YES;
				GCC_WARN_UNINITIALIZED_AUTOS = YES;
				GCC_WARN_UNUSED_FUNCTION = YES;
				GCC_WARN_UNUSED_VARIABLE = YES;
				IPHONEOS_DEPLOYMENT_TARGET = 7.0;
				SDKROOT = iphoneos;
				VALIDATE_PRODUCT = YES;
			};
			name = Release;
		};
		28FD5CF718C106BA00386E2D /* Debug */ = {
			isa = XCBuildConfiguration;
			buildSettings = {
				ASSETCATALOG_COMPILER_APPICON_NAME = AppIcon;
				ASSETCATALOG_COMPILER_LAUNCHIMAGE_NAME = LaunchImage;
				GCC_PRECOMPILE_PREFIX_HEADER = YES;
				GCC_PREFIX_HEADER = "GoogleAnalyticsXios/GoogleAnalyticsXios-Prefix.pch";
				INFOPLIST_FILE = "GoogleAnalyticsXios/GoogleAnalyticsXios-Info.plist";
				LIBRARY_SEARCH_PATHS = (
					"$(inherited)",
					/Users/BForte/Documents/workspace_ios/ios_xUtilities/GoogleAnalyticsXios,
				);
				PRODUCT_NAME = "$(TARGET_NAME)";
				WRAPPER_EXTENSION = app;
			};
			name = Debug;
		};
		28FD5CF818C106BA00386E2D /* Release */ = {
			isa = XCBuildConfiguration;
			buildSettings = {
				ASSETCATALOG_COMPILER_APPICON_NAME = AppIcon;
				ASSETCATALOG_COMPILER_LAUNCHIMAGE_NAME = LaunchImage;
				GCC_PRECOMPILE_PREFIX_HEADER = YES;
				GCC_PREFIX_HEADER = "GoogleAnalyticsXios/GoogleAnalyticsXios-Prefix.pch";
				INFOPLIST_FILE = "GoogleAnalyticsXios/GoogleAnalyticsXios-Info.plist";
				LIBRARY_SEARCH_PATHS = (
					"$(inherited)",
					/Users/BForte/Documents/workspace_ios/ios_xUtilities/GoogleAnalyticsXios,
				);
				PRODUCT_NAME = "$(TARGET_NAME)";
				WRAPPER_EXTENSION = app;
			};
			name = Release;
		};
		28FD5CFA18C106BA00386E2D /* Debug */ = {
			isa = XCBuildConfiguration;
			buildSettings = {
				ARCHS = "$(ARCHS_STANDARD_INCLUDING_64_BIT)";
				BUNDLE_LOADER = "$(BUILT_PRODUCTS_DIR)/GoogleAnalyticsXios.app/GoogleAnalyticsXios";
				FRAMEWORK_SEARCH_PATHS = (
					"$(SDKROOT)/Developer/Library/Frameworks",
					"$(inherited)",
					"$(DEVELOPER_FRAMEWORKS_DIR)",
				);
				GCC_PRECOMPILE_PREFIX_HEADER = YES;
				GCC_PREFIX_HEADER = "GoogleAnalyticsXios/GoogleAnalyticsXios-Prefix.pch";
				GCC_PREPROCESSOR_DEFINITIONS = (
					"DEBUG=1",
					"$(inherited)",
				);
				INFOPLIST_FILE = "GoogleAnalyticsXiosTests/GoogleAnalyticsXiosTests-Info.plist";
				PRODUCT_NAME = "$(TARGET_NAME)";
				TEST_HOST = "$(BUNDLE_LOADER)";
				WRAPPER_EXTENSION = xctest;
			};
			name = Debug;
		};
		28FD5CFB18C106BA00386E2D /* Release */ = {
			isa = XCBuildConfiguration;
			buildSettings = {
				ARCHS = "$(ARCHS_STANDARD_INCLUDING_64_BIT)";
				BUNDLE_LOADER = "$(BUILT_PRODUCTS_DIR)/GoogleAnalyticsXios.app/GoogleAnalyticsXios";
				FRAMEWORK_SEARCH_PATHS = (
					"$(SDKROOT)/Developer/Library/Frameworks",
					"$(inherited)",
					"$(DEVELOPER_FRAMEWORKS_DIR)",
				);
				GCC_PRECOMPILE_PREFIX_HEADER = YES;
				GCC_PREFIX_HEADER = "GoogleAnalyticsXios/GoogleAnalyticsXios-Prefix.pch";
				INFOPLIST_FILE = "GoogleAnalyticsXiosTests/GoogleAnalyticsXiosTests-Info.plist";
				PRODUCT_NAME = "$(TARGET_NAME)";
				TEST_HOST = "$(BUNDLE_LOADER)";
				WRAPPER_EXTENSION = xctest;
			};
			name = Release;
		};
/* End XCBuildConfiguration section */

/* Begin XCConfigurationList section */
		28FD5CBF18C106B900386E2D /* Build configuration list for PBXProject "GoogleAnalyticsXios" */ = {
			isa = XCConfigurationList;
			buildConfigurations = (
				28FD5CF418C106BA00386E2D /* Debug */,
				28FD5CF518C106BA00386E2D /* Release */,
			);
			defaultConfigurationIsVisible = 0;
			defaultConfigurationName = Release;
		};
		28FD5CF618C106BA00386E2D /* Build configuration list for PBXNativeTarget "GoogleAnalyticsXios" */ = {
			isa = XCConfigurationList;
			buildConfigurations = (
				28FD5CF718C106BA00386E2D /* Debug */,
				28FD5CF818C106BA00386E2D /* Release */,
			);
			defaultConfigurationIsVisible = 0;
		};
		28FD5CF918C106BA00386E2D /* Build configuration list for PBXNativeTarget "GoogleAnalyticsXiosTests" */ = {
			isa = XCConfigurationList;
			buildConfigurations = (
				28FD5CFA18C106BA00386E2D /* Debug */,
				28FD5CFB18C106BA00386E2D /* Release */,
			);
			defaultConfigurationIsVisible = 0;
		};
/* End XCConfigurationList section */
	};
	rootObject = 28FD5CBC18C106B900386E2D /* Project object */;
}
