// !$*UTF8*$!
{
	archiveVersion = 1;
	classes = {
	};
	objectVersion = 46;
	objects = {

/* Begin PBXBuildFile section */
		288461E418AE5DE200E562BC /* Foundation.framework in Frameworks */ = {isa = PBXBuildFile; fileRef = 288461E318AE5DE200E562BC /* Foundation.framework */; };
		288461E618AE5DE200E562BC /* CoreGraphics.framework in Frameworks */ = {isa = PBXBuildFile; fileRef = 288461E518AE5DE200E562BC /* CoreGraphics.framework */; };
		288461E818AE5DE200E562BC /* UIKit.framework in Frameworks */ = {isa = PBXBuildFile; fileRef = 288461E718AE5DE200E562BC /* UIKit.framework */; };
		288461EE18AE5DE200E562BC /* InfoPlist.strings in Resources */ = {isa = PBXBuildFile; fileRef = 288461EC18AE5DE200E562BC /* InfoPlist.strings */; };
		288461F018AE5DE200E562BC /* main.m in Sources */ = {isa = PBXBuildFile; fileRef = 288461EF18AE5DE200E562BC /* main.m */; };
		288461F418AE5DE200E562BC /* FBFAppDelegate.m in Sources */ = {isa = PBXBuildFile; fileRef = 288461F318AE5DE200E562BC /* FBFAppDelegate.m */; };
		288461F718AE5DE200E562BC /* Main.storyboard in Resources */ = {isa = PBXBuildFile; fileRef = 288461F518AE5DE200E562BC /* Main.storyboard */; };
		288461FA18AE5DE200E562BC /* FBFViewController.m in Sources */ = {isa = PBXBuildFile; fileRef = 288461F918AE5DE200E562BC /* FBFViewController.m */; };
		288461FC18AE5DE200E562BC /* Images.xcassets in Resources */ = {isa = PBXBuildFile; fileRef = 288461FB18AE5DE200E562BC /* Images.xcassets */; };
		2884620318AE5DE200E562BC /* XCTest.framework in Frameworks */ = {isa = PBXBuildFile; fileRef = 2884620218AE5DE200E562BC /* XCTest.framework */; };
		2884620418AE5DE200E562BC /* Foundation.framework in Frameworks */ = {isa = PBXBuildFile; fileRef = 288461E318AE5DE200E562BC /* Foundation.framework */; };
		2884620518AE5DE200E562BC /* UIKit.framework in Frameworks */ = {isa = PBXBuildFile; fileRef = 288461E718AE5DE200E562BC /* UIKit.framework */; };
		2884620D18AE5DE200E562BC /* InfoPlist.strings in Resources */ = {isa = PBXBuildFile; fileRef = 2884620B18AE5DE200E562BC /* InfoPlist.strings */; };
		2884620F18AE5DE200E562BC /* CameraXTests.m in Sources */ = {isa = PBXBuildFile; fileRef = 2884620E18AE5DE200E562BC /* CameraXTests.m */; };
		E5981ACE18C27B4400B5EA71 /* cameraX.txt in Resources */ = {isa = PBXBuildFile; fileRef = E5981ACD18C27B4400B5EA71 /* cameraX.txt */; };
/* End PBXBuildFile section */

/* Begin PBXContainerItemProxy section */
		2884620618AE5DE200E562BC /* PBXContainerItemProxy */ = {
			isa = PBXContainerItemProxy;
			containerPortal = 288461D818AE5DE200E562BC /* Project object */;
			proxyType = 1;
			remoteGlobalIDString = 288461DF18AE5DE200E562BC;
			remoteInfo = CameraX;
		};
/* End PBXContainerItemProxy section */

/* Begin PBXFileReference section */
		288461E018AE5DE200E562BC /* CameraX.app */ = {isa = PBXFileReference; explicitFileType = wrapper.application; includeInIndex = 0; path = CameraX.app; sourceTree = BUILT_PRODUCTS_DIR; };
		288461E318AE5DE200E562BC /* Foundation.framework */ = {isa = PBXFileReference; lastKnownFileType = wrapper.framework; name = Foundation.framework; path = System/Library/Frameworks/Foundation.framework; sourceTree = SDKROOT; };
		288461E518AE5DE200E562BC /* CoreGraphics.framework */ = {isa = PBXFileReference; lastKnownFileType = wrapper.framework; name = CoreGraphics.framework; path = System/Library/Frameworks/CoreGraphics.framework; sourceTree = SDKROOT; };
		288461E718AE5DE200E562BC /* UIKit.framework */ = {isa = PBXFileReference; lastKnownFileType = wrapper.framework; name = UIKit.framework; path = System/Library/Frameworks/UIKit.framework; sourceTree = SDKROOT; };
		288461EB18AE5DE200E562BC /* CameraX-Info.plist */ = {isa = PBXFileReference; lastKnownFileType = text.plist.xml; path = "CameraX-Info.plist"; sourceTree = "<group>"; };
		288461ED18AE5DE200E562BC /* en */ = {isa = PBXFileReference; lastKnownFileType = text.plist.strings; name = en; path = en.lproj/InfoPlist.strings; sourceTree = "<group>"; };
		288461EF18AE5DE200E562BC /* main.m */ = {isa = PBXFileReference; lastKnownFileType = sourcecode.c.objc; path = main.m; sourceTree = "<group>"; };
		288461F118AE5DE200E562BC /* CameraX-Prefix.pch */ = {isa = PBXFileReference; lastKnownFileType = sourcecode.c.h; path = "CameraX-Prefix.pch"; sourceTree = "<group>"; };
		288461F218AE5DE200E562BC /* FBFAppDelegate.h */ = {isa = PBXFileReference; lastKnownFileType = sourcecode.c.h; path = FBFAppDelegate.h; sourceTree = "<group>"; };
		288461F318AE5DE200E562BC /* FBFAppDelegate.m */ = {isa = PBXFileReference; lastKnownFileType = sourcecode.c.objc; path = FBFAppDelegate.m; sourceTree = "<group>"; };
		288461F618AE5DE200E562BC /* Base */ = {isa = PBXFileReference; lastKnownFileType = file.storyboard; name = Base; path = Base.lproj/Main.storyboard; sourceTree = "<group>"; };
		288461F818AE5DE200E562BC /* FBFViewController.h */ = {isa = PBXFileReference; lastKnownFileType = sourcecode.c.h; path = FBFViewController.h; sourceTree = "<group>"; };
		288461F918AE5DE200E562BC /* FBFViewController.m */ = {isa = PBXFileReference; lastKnownFileType = sourcecode.c.objc; path = FBFViewController.m; sourceTree = "<group>"; };
		288461FB18AE5DE200E562BC /* Images.xcassets */ = {isa = PBXFileReference; lastKnownFileType = folder.assetcatalog; path = Images.xcassets; sourceTree = "<group>"; };
		2884620118AE5DE200E562BC /* CameraXTests.xctest */ = {isa = PBXFileReference; explicitFileType = wrapper.cfbundle; includeInIndex = 0; path = CameraXTests.xctest; sourceTree = BUILT_PRODUCTS_DIR; };
		2884620218AE5DE200E562BC /* XCTest.framework */ = {isa = PBXFileReference; lastKnownFileType = wrapper.framework; name = XCTest.framework; path = Library/Frameworks/XCTest.framework; sourceTree = DEVELOPER_DIR; };
		2884620A18AE5DE200E562BC /* CameraXTests-Info.plist */ = {isa = PBXFileReference; lastKnownFileType = text.plist.xml; path = "CameraXTests-Info.plist"; sourceTree = "<group>"; };
		2884620C18AE5DE200E562BC /* en */ = {isa = PBXFileReference; lastKnownFileType = text.plist.strings; name = en; path = en.lproj/InfoPlist.strings; sourceTree = "<group>"; };
		2884620E18AE5DE200E562BC /* CameraXTests.m */ = {isa = PBXFileReference; lastKnownFileType = sourcecode.c.objc; path = CameraXTests.m; sourceTree = "<group>"; };
		E5981ACD18C27B4400B5EA71 /* cameraX.txt */ = {isa = PBXFileReference; fileEncoding = 4; lastKnownFileType = text; path = cameraX.txt; sourceTree = "<group>"; };
/* End PBXFileReference section */

/* Begin PBXFrameworksBuildPhase section */
		288461DD18AE5DE200E562BC /* Frameworks */ = {
			isa = PBXFrameworksBuildPhase;
			buildActionMask = 2147483647;
			files = (
				288461E618AE5DE200E562BC /* CoreGraphics.framework in Frameworks */,
				288461E818AE5DE200E562BC /* UIKit.framework in Frameworks */,
				288461E418AE5DE200E562BC /* Foundation.framework in Frameworks */,
			);
			runOnlyForDeploymentPostprocessing = 0;
		};
		288461FE18AE5DE200E562BC /* Frameworks */ = {
			isa = PBXFrameworksBuildPhase;
			buildActionMask = 2147483647;
			files = (
				2884620318AE5DE200E562BC /* XCTest.framework in Frameworks */,
				2884620518AE5DE200E562BC /* UIKit.framework in Frameworks */,
				2884620418AE5DE200E562BC /* Foundation.framework in Frameworks */,
			);
			runOnlyForDeploymentPostprocessing = 0;
		};
/* End PBXFrameworksBuildPhase section */

/* Begin PBXGroup section */
		288461D718AE5DE200E562BC = {
			isa = PBXGroup;
			children = (
				288461E918AE5DE200E562BC /* CameraX */,
				2884620818AE5DE200E562BC /* CameraXTests */,
				288461E218AE5DE200E562BC /* Frameworks */,
				288461E118AE5DE200E562BC /* Products */,
			);
			sourceTree = "<group>";
		};
		288461E118AE5DE200E562BC /* Products */ = {
			isa = PBXGroup;
			children = (
				288461E018AE5DE200E562BC /* CameraX.app */,
				2884620118AE5DE200E562BC /* CameraXTests.xctest */,
			);
			name = Products;
			sourceTree = "<group>";
		};
		288461E218AE5DE200E562BC /* Frameworks */ = {
			isa = PBXGroup;
			children = (
				288461E318AE5DE200E562BC /* Foundation.framework */,
				288461E518AE5DE200E562BC /* CoreGraphics.framework */,
				288461E718AE5DE200E562BC /* UIKit.framework */,
				2884620218AE5DE200E562BC /* XCTest.framework */,
			);
			name = Frameworks;
			sourceTree = "<group>";
		};
		288461E918AE5DE200E562BC /* CameraX */ = {
			isa = PBXGroup;
			children = (
				288461F218AE5DE200E562BC /* FBFAppDelegate.h */,
				288461F318AE5DE200E562BC /* FBFAppDelegate.m */,
				288461F518AE5DE200E562BC /* Main.storyboard */,
				288461F818AE5DE200E562BC /* FBFViewController.h */,
				288461F918AE5DE200E562BC /* FBFViewController.m */,
				288461FB18AE5DE200E562BC /* Images.xcassets */,
				288461EA18AE5DE200E562BC /* Supporting Files */,
				E5981ACD18C27B4400B5EA71 /* cameraX.txt */,
			);
			path = CameraX;
			sourceTree = "<group>";
		};
		288461EA18AE5DE200E562BC /* Supporting Files */ = {
			isa = PBXGroup;
			children = (
				288461EB18AE5DE200E562BC /* CameraX-Info.plist */,
				288461EC18AE5DE200E562BC /* InfoPlist.strings */,
				288461EF18AE5DE200E562BC /* main.m */,
				288461F118AE5DE200E562BC /* CameraX-Prefix.pch */,
			);
			name = "Supporting Files";
			sourceTree = "<group>";
		};
		2884620818AE5DE200E562BC /* CameraXTests */ = {
			isa = PBXGroup;
			children = (
				2884620E18AE5DE200E562BC /* CameraXTests.m */,
				2884620918AE5DE200E562BC /* Supporting Files */,
			);
			path = CameraXTests;
			sourceTree = "<group>";
		};
		2884620918AE5DE200E562BC /* Supporting Files */ = {
			isa = PBXGroup;
			children = (
				2884620A18AE5DE200E562BC /* CameraXTests-Info.plist */,
				2884620B18AE5DE200E562BC /* InfoPlist.strings */,
			);
			name = "Supporting Files";
			sourceTree = "<group>";
		};
/* End PBXGroup section */

/* Begin PBXNativeTarget section */
		288461DF18AE5DE200E562BC /* CameraX */ = {
			isa = PBXNativeTarget;
			buildConfigurationList = 2884621218AE5DE200E562BC /* Build configuration list for PBXNativeTarget "CameraX" */;
			buildPhases = (
				288461DC18AE5DE200E562BC /* Sources */,
				288461DD18AE5DE200E562BC /* Frameworks */,
				288461DE18AE5DE200E562BC /* Resources */,
			);
			buildRules = (
			);
			dependencies = (
			);
			name = CameraX;
			productName = CameraX;
			productReference = 288461E018AE5DE200E562BC /* CameraX.app */;
			productType = "com.apple.product-type.application";
		};
		2884620018AE5DE200E562BC /* CameraXTests */ = {
			isa = PBXNativeTarget;
			buildConfigurationList = 2884621518AE5DE200E562BC /* Build configuration list for PBXNativeTarget "CameraXTests" */;
			buildPhases = (
				288461FD18AE5DE200E562BC /* Sources */,
				288461FE18AE5DE200E562BC /* Frameworks */,
				288461FF18AE5DE200E562BC /* Resources */,
			);
			buildRules = (
			);
			dependencies = (
				2884620718AE5DE200E562BC /* PBXTargetDependency */,
			);
			name = CameraXTests;
			productName = CameraXTests;
			productReference = 2884620118AE5DE200E562BC /* CameraXTests.xctest */;
			productType = "com.apple.product-type.bundle.unit-test";
		};
/* End PBXNativeTarget section */

/* Begin PBXProject section */
		288461D818AE5DE200E562BC /* Project object */ = {
			isa = PBXProject;
			attributes = {
				CLASSPREFIX = FBF;
				LastUpgradeCheck = 0500;
				ORGANIZATIONNAME = Mocura;
				TargetAttributes = {
					2884620018AE5DE200E562BC = {
						TestTargetID = 288461DF18AE5DE200E562BC;
					};
				};
			};
			buildConfigurationList = 288461DB18AE5DE200E562BC /* Build configuration list for PBXProject "CameraX" */;
			compatibilityVersion = "Xcode 3.2";
			developmentRegion = English;
			hasScannedForEncodings = 0;
			knownRegions = (
				en,
				Base,
			);
			mainGroup = 288461D718AE5DE200E562BC;
			productRefGroup = 288461E118AE5DE200E562BC /* Products */;
			projectDirPath = "";
			projectRoot = "";
			targets = (
				288461DF18AE5DE200E562BC /* CameraX */,
				2884620018AE5DE200E562BC /* CameraXTests */,
			);
		};
/* End PBXProject section */

/* Begin PBXResourcesBuildPhase section */
		288461DE18AE5DE200E562BC /* Resources */ = {
			isa = PBXResourcesBuildPhase;
			buildActionMask = 2147483647;
			files = (
				288461FC18AE5DE200E562BC /* Images.xcassets in Resources */,
				288461EE18AE5DE200E562BC /* InfoPlist.strings in Resources */,
				E5981ACE18C27B4400B5EA71 /* cameraX.txt in Resources */,
				288461F718AE5DE200E562BC /* Main.storyboard in Resources */,
			);
			runOnlyForDeploymentPostprocessing = 0;
		};
		288461FF18AE5DE200E562BC /* Resources */ = {
			isa = PBXResourcesBuildPhase;
			buildActionMask = 2147483647;
			files = (
				2884620D18AE5DE200E562BC /* InfoPlist.strings in Resources */,
			);
			runOnlyForDeploymentPostprocessing = 0;
		};
/* End PBXResourcesBuildPhase section */

/* Begin PBXSourcesBuildPhase section */
		288461DC18AE5DE200E562BC /* Sources */ = {
			isa = PBXSourcesBuildPhase;
			buildActionMask = 2147483647;
			files = (
				288461F018AE5DE200E562BC /* main.m in Sources */,
				288461F418AE5DE200E562BC /* FBFAppDelegate.m in Sources */,
				288461FA18AE5DE200E562BC /* FBFViewController.m in Sources */,
			);
			runOnlyForDeploymentPostprocessing = 0;
		};
		288461FD18AE5DE200E562BC /* Sources */ = {
			isa = PBXSourcesBuildPhase;
			buildActionMask = 2147483647;
			files = (
				2884620F18AE5DE200E562BC /* CameraXTests.m in Sources */,
			);
			runOnlyForDeploymentPostprocessing = 0;
		};
/* End PBXSourcesBuildPhase section */

/* Begin PBXTargetDependency section */
		2884620718AE5DE200E562BC /* PBXTargetDependency */ = {
			isa = PBXTargetDependency;
			target = 288461DF18AE5DE200E562BC /* CameraX */;
			targetProxy = 2884620618AE5DE200E562BC /* PBXContainerItemProxy */;
		};
/* End PBXTargetDependency section */

/* Begin PBXVariantGroup section */
		288461EC18AE5DE200E562BC /* InfoPlist.strings */ = {
			isa = PBXVariantGroup;
			children = (
				288461ED18AE5DE200E562BC /* en */,
			);
			name = InfoPlist.strings;
			sourceTree = "<group>";
		};
		288461F518AE5DE200E562BC /* Main.storyboard */ = {
			isa = PBXVariantGroup;
			children = (
				288461F618AE5DE200E562BC /* Base */,
			);
			name = Main.storyboard;
			sourceTree = "<group>";
		};
		2884620B18AE5DE200E562BC /* InfoPlist.strings */ = {
			isa = PBXVariantGroup;
			children = (
				2884620C18AE5DE200E562BC /* en */,
			);
			name = InfoPlist.strings;
			sourceTree = "<group>";
		};
/* End PBXVariantGroup section */

/* Begin XCBuildConfiguration section */
		2884621018AE5DE200E562BC /* Debug */ = {
			isa = XCBuildConfiguration;
			buildSettings = {
				ALWAYS_SEARCH_USER_PATHS = NO;
				ARCHS = "$(ARCHS_STANDARD_INCLUDING_64_BIT)";
				CLANG_CXX_LANGUAGE_STANDARD = "gnu++0x";
				CLANG_CXX_LIBRARY = "libc++";
				CLANG_ENABLE_MODULES = YES;
				CLANG_ENABLE_OBJC_ARC = YES;
				CLANG_WARN_BOOL_CONVERSION = YES;
				CLANG_WARN_CONSTANT_CONVERSION = YES;
				CLANG_WARN_DIRECT_OBJC_ISA_USAGE = YES_ERROR;
				CLANG_WARN_EMPTY_BODY = YES;
				CLANG_WARN_ENUM_CONVERSION = YES;
				CLANG_WARN_INT_CONVERSION = YES;
				CLANG_WARN_OBJC_ROOT_CLASS = YES_ERROR;
				CLANG_WARN__DUPLICATE_METHOD_MATCH = YES;
				"CODE_SIGN_IDENTITY[sdk=iphoneos*]" = "iPhone Developer";
				COPY_PHASE_STRIP = NO;
				GCC_C_LANGUAGE_STANDARD = gnu99;
				GCC_DYNAMIC_NO_PIC = NO;
				GCC_OPTIMIZATION_LEVEL = 0;
				GCC_PREPROCESSOR_DEFINITIONS = (
					"DEBUG=1",
					"$(inherited)",
				);
				GCC_SYMBOLS_PRIVATE_EXTERN = NO;
				GCC_WARN_64_TO_32_BIT_CONVERSION = YES;
				GCC_WARN_ABOUT_RETURN_TYPE = YES_ERROR;
				GCC_WARN_UNDECLARED_SELECTOR = YES;
				GCC_WARN_UNINITIALIZED_AUTOS = YES;
				GCC_WARN_UNUSED_FUNCTION = YES;
				GCC_WARN_UNUSED_VARIABLE = YES;
				IPHONEOS_DEPLOYMENT_TARGET = 7.0;
				ONLY_ACTIVE_ARCH = YES;
				SDKROOT = iphoneos;
			};
			name = Debug;
		};
		2884621118AE5DE200E562BC /* Release */ = {
			isa = XCBuildConfiguration;
			buildSettings = {
				ALWAYS_SEARCH_USER_PATHS = NO;
				ARCHS = "$(ARCHS_STANDARD_INCLUDING_64_BIT)";
				CLANG_CXX_LANGUAGE_STANDARD = "gnu++0x";
				CLANG_CXX_LIBRARY = "libc++";
				CLANG_ENABLE_MODULES = YES;
				CLANG_ENABLE_OBJC_ARC = YES;
				CLANG_WARN_BOOL_CONVERSION = YES;
				CLANG_WARN_CONSTANT_CONVERSION = YES;
				CLANG_WARN_DIRECT_OBJC_ISA_USAGE = YES_ERROR;
				CLANG_WARN_EMPTY_BODY = YES;
				CLANG_WARN_ENUM_CONVERSION = YES;
				CLANG_WARN_INT_CONVERSION = YES;
				CLANG_WARN_OBJC_ROOT_CLASS = YES_ERROR;
				CLANG_WARN__DUPLICATE_METHOD_MATCH = YES;
				"CODE_SIGN_IDENTITY[sdk=iphoneos*]" = "iPhone Developer";
				COPY_PHASE_STRIP = YES;
				ENABLE_NS_ASSERTIONS = NO;
				GCC_C_LANGUAGE_STANDARD = gnu99;
				GCC_WARN_64_TO_32_BIT_CONVERSION = YES;
				GCC_WARN_ABOUT_RETURN_TYPE = YES_ERROR;
				GCC_WARN_UNDECLARED_SELECTOR = YES;
				GCC_WARN_UNINITIALIZED_AUTOS = YES;
				GCC_WARN_UNUSED_FUNCTION = YES;
				GCC_WARN_UNUSED_VARIABLE = YES;
				IPHONEOS_DEPLOYMENT_TARGET = 7.0;
				SDKROOT = iphoneos;
				VALIDATE_PRODUCT = YES;
			};
			name = Release;
		};
		2884621318AE5DE200E562BC /* Debug */ = {
			isa = XCBuildConfiguration;
			buildSettings = {
				ASSETCATALOG_COMPILER_APPICON_NAME = AppIcon;
				ASSETCATALOG_COMPILER_LAUNCHIMAGE_NAME = LaunchImage;
				GCC_PRECOMPILE_PREFIX_HEADER = YES;
				GCC_PREFIX_HEADER = "CameraX/CameraX-Prefix.pch";
				INFOPLIST_FILE = "CameraX/CameraX-Info.plist";
				PRODUCT_NAME = "$(TARGET_NAME)";
				WRAPPER_EXTENSION = app;
			};
			name = Debug;
		};
		2884621418AE5DE200E562BC /* Release */ = {
			isa = XCBuildConfiguration;
			buildSettings = {
				ASSETCATALOG_COMPILER_APPICON_NAME = AppIcon;
				ASSETCATALOG_COMPILER_LAUNCHIMAGE_NAME = LaunchImage;
				GCC_PRECOMPILE_PREFIX_HEADER = YES;
				GCC_PREFIX_HEADER = "CameraX/CameraX-Prefix.pch";
				INFOPLIST_FILE = "CameraX/CameraX-Info.plist";
				PRODUCT_NAME = "$(TARGET_NAME)";
				WRAPPER_EXTENSION = app;
			};
			name = Release;
		};
		2884621618AE5DE200E562BC /* Debug */ = {
			isa = XCBuildConfiguration;
			buildSettings = {
				ARCHS = "$(ARCHS_STANDARD_INCLUDING_64_BIT)";
				BUNDLE_LOADER = "$(BUILT_PRODUCTS_DIR)/CameraX.app/CameraX";
				FRAMEWORK_SEARCH_PATHS = (
					"$(SDKROOT)/Developer/Library/Frameworks",
					"$(inherited)",
					"$(DEVELOPER_FRAMEWORKS_DIR)",
				);
				GCC_PRECOMPILE_PREFIX_HEADER = YES;
				GCC_PREFIX_HEADER = "CameraX/CameraX-Prefix.pch";
				GCC_PREPROCESSOR_DEFINITIONS = (
					"DEBUG=1",
					"$(inherited)",
				);
				INFOPLIST_FILE = "CameraXTests/CameraXTests-Info.plist";
				PRODUCT_NAME = "$(TARGET_NAME)";
				TEST_HOST = "$(BUNDLE_LOADER)";
				WRAPPER_EXTENSION = xctest;
			};
			name = Debug;
		};
		2884621718AE5DE200E562BC /* Release */ = {
			isa = XCBuildConfiguration;
			buildSettings = {
				ARCHS = "$(ARCHS_STANDARD_INCLUDING_64_BIT)";
				BUNDLE_LOADER = "$(BUILT_PRODUCTS_DIR)/CameraX.app/CameraX";
				FRAMEWORK_SEARCH_PATHS = (
					"$(SDKROOT)/Developer/Library/Frameworks",
					"$(inherited)",
					"$(DEVELOPER_FRAMEWORKS_DIR)",
				);
				GCC_PRECOMPILE_PREFIX_HEADER = YES;
				GCC_PREFIX_HEADER = "CameraX/CameraX-Prefix.pch";
				INFOPLIST_FILE = "CameraXTests/CameraXTests-Info.plist";
				PRODUCT_NAME = "$(TARGET_NAME)";
				TEST_HOST = "$(BUNDLE_LOADER)";
				WRAPPER_EXTENSION = xctest;
			};
			name = Release;
		};
/* End XCBuildConfiguration section */

/* Begin XCConfigurationList section */
		288461DB18AE5DE200E562BC /* Build configuration list for PBXProject "CameraX" */ = {
			isa = XCConfigurationList;
			buildConfigurations = (
				2884621018AE5DE200E562BC /* Debug */,
				2884621118AE5DE200E562BC /* Release */,
			);
			defaultConfigurationIsVisible = 0;
			defaultConfigurationName = Release;
		};
		2884621218AE5DE200E562BC /* Build configuration list for PBXNativeTarget "CameraX" */ = {
			isa = XCConfigurationList;
			buildConfigurations = (
				2884621318AE5DE200E562BC /* Debug */,
				2884621418AE5DE200E562BC /* Release */,
			);
			defaultConfigurationIsVisible = 0;
			defaultConfigurationName = Release;
		};
		2884621518AE5DE200E562BC /* Build configuration list for PBXNativeTarget "CameraXTests" */ = {
			isa = XCConfigurationList;
			buildConfigurations = (
				2884621618AE5DE200E562BC /* Debug */,
				2884621718AE5DE200E562BC /* Release */,
			);
			defaultConfigurationIsVisible = 0;
			defaultConfigurationName = Release;
		};
/* End XCConfigurationList section */
	};
	rootObject = 288461D818AE5DE200E562BC /* Project object */;
}
