// !$*UTF8*$!
{
	archiveVersion = 1;
	classes = {
	};
	objectVersion = 46;
	objects = {

/* Begin PBXBuildFile section */
		288467E218B2A92F00E562BC /* Foundation.framework in Frameworks */ = {isa = PBXBuildFile; fileRef = 288467E118B2A92F00E562BC /* Foundation.framework */; };
		288467E418B2A92F00E562BC /* CoreGraphics.framework in Frameworks */ = {isa = PBXBuildFile; fileRef = 288467E318B2A92F00E562BC /* CoreGraphics.framework */; };
		288467E618B2A92F00E562BC /* UIKit.framework in Frameworks */ = {isa = PBXBuildFile; fileRef = 288467E518B2A92F00E562BC /* UIKit.framework */; };
		288467EC18B2A92F00E562BC /* InfoPlist.strings in Resources */ = {isa = PBXBuildFile; fileRef = 288467EA18B2A92F00E562BC /* InfoPlist.strings */; };
		288467EE18B2A92F00E562BC /* main.m in Sources */ = {isa = PBXBuildFile; fileRef = 288467ED18B2A92F00E562BC /* main.m */; };
		288467F218B2A92F00E562BC /* FBFAppDelegate.m in Sources */ = {isa = PBXBuildFile; fileRef = 288467F118B2A92F00E562BC /* FBFAppDelegate.m */; };
		288467F518B2A92F00E562BC /* Main.storyboard in Resources */ = {isa = PBXBuildFile; fileRef = 288467F318B2A92F00E562BC /* Main.storyboard */; };
		288467F818B2A92F00E562BC /* FBFViewController.m in Sources */ = {isa = PBXBuildFile; fileRef = 288467F718B2A92F00E562BC /* FBFViewController.m */; };
		288467FA18B2A92F00E562BC /* Images.xcassets in Resources */ = {isa = PBXBuildFile; fileRef = 288467F918B2A92F00E562BC /* Images.xcassets */; };
		2884680118B2A92F00E562BC /* XCTest.framework in Frameworks */ = {isa = PBXBuildFile; fileRef = 2884680018B2A92F00E562BC /* XCTest.framework */; };
		2884680218B2A92F00E562BC /* Foundation.framework in Frameworks */ = {isa = PBXBuildFile; fileRef = 288467E118B2A92F00E562BC /* Foundation.framework */; };
		2884680318B2A92F00E562BC /* UIKit.framework in Frameworks */ = {isa = PBXBuildFile; fileRef = 288467E518B2A92F00E562BC /* UIKit.framework */; };
		2884680B18B2A92F00E562BC /* InfoPlist.strings in Resources */ = {isa = PBXBuildFile; fileRef = 2884680918B2A92F00E562BC /* InfoPlist.strings */; };
		2884680D18B2A92F00E562BC /* AVPlayerXTests.m in Sources */ = {isa = PBXBuildFile; fileRef = 2884680C18B2A92F00E562BC /* AVPlayerXTests.m */; };
		2884681818B2A95F00E562BC /* PlayerView.m in Sources */ = {isa = PBXBuildFile; fileRef = 2884681718B2A95F00E562BC /* PlayerView.m */; };
		2884681A18B2A97300E562BC /* AVFoundation.framework in Frameworks */ = {isa = PBXBuildFile; fileRef = 2884681918B2A97300E562BC /* AVFoundation.framework */; };
		2884681D18B2A9E000E562BC /* PlayerViewController.m in Sources */ = {isa = PBXBuildFile; fileRef = 2884681C18B2A9E000E562BC /* PlayerViewController.m */; };
		2884682018B2AFC800E562BC /* SimpleView.m in Sources */ = {isa = PBXBuildFile; fileRef = 2884681F18B2AFC800E562BC /* SimpleView.m */; };
/* End PBXBuildFile section */

/* Begin PBXContainerItemProxy section */
		2884680418B2A92F00E562BC /* PBXContainerItemProxy */ = {
			isa = PBXContainerItemProxy;
			containerPortal = 288467D618B2A92F00E562BC /* Project object */;
			proxyType = 1;
			remoteGlobalIDString = 288467DD18B2A92F00E562BC;
			remoteInfo = AVPlayerX;
		};
/* End PBXContainerItemProxy section */

/* Begin PBXFileReference section */
		288467DE18B2A92F00E562BC /* AVPlayerX.app */ = {isa = PBXFileReference; explicitFileType = wrapper.application; includeInIndex = 0; path = AVPlayerX.app; sourceTree = BUILT_PRODUCTS_DIR; };
		288467E118B2A92F00E562BC /* Foundation.framework */ = {isa = PBXFileReference; lastKnownFileType = wrapper.framework; name = Foundation.framework; path = System/Library/Frameworks/Foundation.framework; sourceTree = SDKROOT; };
		288467E318B2A92F00E562BC /* CoreGraphics.framework */ = {isa = PBXFileReference; lastKnownFileType = wrapper.framework; name = CoreGraphics.framework; path = System/Library/Frameworks/CoreGraphics.framework; sourceTree = SDKROOT; };
		288467E518B2A92F00E562BC /* UIKit.framework */ = {isa = PBXFileReference; lastKnownFileType = wrapper.framework; name = UIKit.framework; path = System/Library/Frameworks/UIKit.framework; sourceTree = SDKROOT; };
		288467E918B2A92F00E562BC /* AVPlayerX-Info.plist */ = {isa = PBXFileReference; lastKnownFileType = text.plist.xml; path = "AVPlayerX-Info.plist"; sourceTree = "<group>"; };
		288467EB18B2A92F00E562BC /* en */ = {isa = PBXFileReference; lastKnownFileType = text.plist.strings; name = en; path = en.lproj/InfoPlist.strings; sourceTree = "<group>"; };
		288467ED18B2A92F00E562BC /* main.m */ = {isa = PBXFileReference; lastKnownFileType = sourcecode.c.objc; path = main.m; sourceTree = "<group>"; };
		288467EF18B2A92F00E562BC /* AVPlayerX-Prefix.pch */ = {isa = PBXFileReference; lastKnownFileType = sourcecode.c.h; path = "AVPlayerX-Prefix.pch"; sourceTree = "<group>"; };
		288467F018B2A92F00E562BC /* FBFAppDelegate.h */ = {isa = PBXFileReference; lastKnownFileType = sourcecode.c.h; path = FBFAppDelegate.h; sourceTree = "<group>"; };
		288467F118B2A92F00E562BC /* FBFAppDelegate.m */ = {isa = PBXFileReference; lastKnownFileType = sourcecode.c.objc; path = FBFAppDelegate.m; sourceTree = "<group>"; };
		288467F418B2A92F00E562BC /* Base */ = {isa = PBXFileReference; lastKnownFileType = file.storyboard; name = Base; path = Base.lproj/Main.storyboard; sourceTree = "<group>"; };
		288467F618B2A92F00E562BC /* FBFViewController.h */ = {isa = PBXFileReference; lastKnownFileType = sourcecode.c.h; path = FBFViewController.h; sourceTree = "<group>"; };
		288467F718B2A92F00E562BC /* FBFViewController.m */ = {isa = PBXFileReference; lastKnownFileType = sourcecode.c.objc; path = FBFViewController.m; sourceTree = "<group>"; };
		288467F918B2A92F00E562BC /* Images.xcassets */ = {isa = PBXFileReference; lastKnownFileType = folder.assetcatalog; path = Images.xcassets; sourceTree = "<group>"; };
		288467FF18B2A92F00E562BC /* AVPlayerXTests.xctest */ = {isa = PBXFileReference; explicitFileType = wrapper.cfbundle; includeInIndex = 0; path = AVPlayerXTests.xctest; sourceTree = BUILT_PRODUCTS_DIR; };
		2884680018B2A92F00E562BC /* XCTest.framework */ = {isa = PBXFileReference; lastKnownFileType = wrapper.framework; name = XCTest.framework; path = Library/Frameworks/XCTest.framework; sourceTree = DEVELOPER_DIR; };
		2884680818B2A92F00E562BC /* AVPlayerXTests-Info.plist */ = {isa = PBXFileReference; lastKnownFileType = text.plist.xml; path = "AVPlayerXTests-Info.plist"; sourceTree = "<group>"; };
		2884680A18B2A92F00E562BC /* en */ = {isa = PBXFileReference; lastKnownFileType = text.plist.strings; name = en; path = en.lproj/InfoPlist.strings; sourceTree = "<group>"; };
		2884680C18B2A92F00E562BC /* AVPlayerXTests.m */ = {isa = PBXFileReference; lastKnownFileType = sourcecode.c.objc; path = AVPlayerXTests.m; sourceTree = "<group>"; };
		2884681618B2A95F00E562BC /* PlayerView.h */ = {isa = PBXFileReference; fileEncoding = 4; lastKnownFileType = sourcecode.c.h; path = PlayerView.h; sourceTree = "<group>"; };
		2884681718B2A95F00E562BC /* PlayerView.m */ = {isa = PBXFileReference; fileEncoding = 4; lastKnownFileType = sourcecode.c.objc; path = PlayerView.m; sourceTree = "<group>"; };
		2884681918B2A97300E562BC /* AVFoundation.framework */ = {isa = PBXFileReference; lastKnownFileType = wrapper.framework; name = AVFoundation.framework; path = System/Library/Frameworks/AVFoundation.framework; sourceTree = SDKROOT; };
		2884681B18B2A9E000E562BC /* PlayerViewController.h */ = {isa = PBXFileReference; fileEncoding = 4; lastKnownFileType = sourcecode.c.h; path = PlayerViewController.h; sourceTree = "<group>"; };
		2884681C18B2A9E000E562BC /* PlayerViewController.m */ = {isa = PBXFileReference; fileEncoding = 4; lastKnownFileType = sourcecode.c.objc; path = PlayerViewController.m; sourceTree = "<group>"; };
		2884681E18B2AFC800E562BC /* SimpleView.h */ = {isa = PBXFileReference; fileEncoding = 4; lastKnownFileType = sourcecode.c.h; path = SimpleView.h; sourceTree = "<group>"; };
		2884681F18B2AFC800E562BC /* SimpleView.m */ = {isa = PBXFileReference; fileEncoding = 4; lastKnownFileType = sourcecode.c.objc; path = SimpleView.m; sourceTree = "<group>"; };
/* End PBXFileReference section */

/* Begin PBXFrameworksBuildPhase section */
		288467DB18B2A92F00E562BC /* Frameworks */ = {
			isa = PBXFrameworksBuildPhase;
			buildActionMask = 2147483647;
			files = (
				2884681A18B2A97300E562BC /* AVFoundation.framework in Frameworks */,
				288467E418B2A92F00E562BC /* CoreGraphics.framework in Frameworks */,
				288467E618B2A92F00E562BC /* UIKit.framework in Frameworks */,
				288467E218B2A92F00E562BC /* Foundation.framework in Frameworks */,
			);
			runOnlyForDeploymentPostprocessing = 0;
		};
		288467FC18B2A92F00E562BC /* Frameworks */ = {
			isa = PBXFrameworksBuildPhase;
			buildActionMask = 2147483647;
			files = (
				2884680118B2A92F00E562BC /* XCTest.framework in Frameworks */,
				2884680318B2A92F00E562BC /* UIKit.framework in Frameworks */,
				2884680218B2A92F00E562BC /* Foundation.framework in Frameworks */,
			);
			runOnlyForDeploymentPostprocessing = 0;
		};
/* End PBXFrameworksBuildPhase section */

/* Begin PBXGroup section */
		288467D518B2A92F00E562BC = {
			isa = PBXGroup;
			children = (
				288467E718B2A92F00E562BC /* AVPlayerX */,
				2884680618B2A92F00E562BC /* AVPlayerXTests */,
				288467E018B2A92F00E562BC /* Frameworks */,
				288467DF18B2A92F00E562BC /* Products */,
			);
			sourceTree = "<group>";
		};
		288467DF18B2A92F00E562BC /* Products */ = {
			isa = PBXGroup;
			children = (
				288467DE18B2A92F00E562BC /* AVPlayerX.app */,
				288467FF18B2A92F00E562BC /* AVPlayerXTests.xctest */,
			);
			name = Products;
			sourceTree = "<group>";
		};
		288467E018B2A92F00E562BC /* Frameworks */ = {
			isa = PBXGroup;
			children = (
				2884681918B2A97300E562BC /* AVFoundation.framework */,
				288467E118B2A92F00E562BC /* Foundation.framework */,
				288467E318B2A92F00E562BC /* CoreGraphics.framework */,
				288467E518B2A92F00E562BC /* UIKit.framework */,
				2884680018B2A92F00E562BC /* XCTest.framework */,
			);
			name = Frameworks;
			sourceTree = "<group>";
		};
		288467E718B2A92F00E562BC /* AVPlayerX */ = {
			isa = PBXGroup;
			children = (
				288467F018B2A92F00E562BC /* FBFAppDelegate.h */,
				288467F118B2A92F00E562BC /* FBFAppDelegate.m */,
				288467F618B2A92F00E562BC /* FBFViewController.h */,
				288467F718B2A92F00E562BC /* FBFViewController.m */,
				288467F918B2A92F00E562BC /* Images.xcassets */,
				288467F318B2A92F00E562BC /* Main.storyboard */,
				2884681618B2A95F00E562BC /* PlayerView.h */,
				2884681718B2A95F00E562BC /* PlayerView.m */,
				2884681B18B2A9E000E562BC /* PlayerViewController.h */,
				2884681C18B2A9E000E562BC /* PlayerViewController.m */,
				2884681E18B2AFC800E562BC /* SimpleView.h */,
				2884681F18B2AFC800E562BC /* SimpleView.m */,
				288467E818B2A92F00E562BC /* Supporting Files */,
			);
			path = AVPlayerX;
			sourceTree = "<group>";
		};
		288467E818B2A92F00E562BC /* Supporting Files */ = {
			isa = PBXGroup;
			children = (
				288467E918B2A92F00E562BC /* AVPlayerX-Info.plist */,
				288467EA18B2A92F00E562BC /* InfoPlist.strings */,
				288467ED18B2A92F00E562BC /* main.m */,
				288467EF18B2A92F00E562BC /* AVPlayerX-Prefix.pch */,
			);
			name = "Supporting Files";
			sourceTree = "<group>";
		};
		2884680618B2A92F00E562BC /* AVPlayerXTests */ = {
			isa = PBXGroup;
			children = (
				2884680C18B2A92F00E562BC /* AVPlayerXTests.m */,
				2884680718B2A92F00E562BC /* Supporting Files */,
			);
			path = AVPlayerXTests;
			sourceTree = "<group>";
		};
		2884680718B2A92F00E562BC /* Supporting Files */ = {
			isa = PBXGroup;
			children = (
				2884680818B2A92F00E562BC /* AVPlayerXTests-Info.plist */,
				2884680918B2A92F00E562BC /* InfoPlist.strings */,
			);
			name = "Supporting Files";
			sourceTree = "<group>";
		};
/* End PBXGroup section */

/* Begin PBXNativeTarget section */
		288467DD18B2A92F00E562BC /* AVPlayerX */ = {
			isa = PBXNativeTarget;
			buildConfigurationList = 2884681018B2A92F00E562BC /* Build configuration list for PBXNativeTarget "AVPlayerX" */;
			buildPhases = (
				288467DA18B2A92F00E562BC /* Sources */,
				288467DB18B2A92F00E562BC /* Frameworks */,
				288467DC18B2A92F00E562BC /* Resources */,
			);
			buildRules = (
			);
			dependencies = (
			);
			name = AVPlayerX;
			productName = AVPlayerX;
			productReference = 288467DE18B2A92F00E562BC /* AVPlayerX.app */;
			productType = "com.apple.product-type.application";
		};
		288467FE18B2A92F00E562BC /* AVPlayerXTests */ = {
			isa = PBXNativeTarget;
			buildConfigurationList = 2884681318B2A92F00E562BC /* Build configuration list for PBXNativeTarget "AVPlayerXTests" */;
			buildPhases = (
				288467FB18B2A92F00E562BC /* Sources */,
				288467FC18B2A92F00E562BC /* Frameworks */,
				288467FD18B2A92F00E562BC /* Resources */,
			);
			buildRules = (
			);
			dependencies = (
				2884680518B2A92F00E562BC /* PBXTargetDependency */,
			);
			name = AVPlayerXTests;
			productName = AVPlayerXTests;
			productReference = 288467FF18B2A92F00E562BC /* AVPlayerXTests.xctest */;
			productType = "com.apple.product-type.bundle.unit-test";
		};
/* End PBXNativeTarget section */

/* Begin PBXProject section */
		288467D618B2A92F00E562BC /* Project object */ = {
			isa = PBXProject;
			attributes = {
				CLASSPREFIX = FBF;
				LastUpgradeCheck = 0500;
				ORGANIZATIONNAME = Mocura;
				TargetAttributes = {
					288467FE18B2A92F00E562BC = {
						TestTargetID = 288467DD18B2A92F00E562BC;
					};
				};
			};
			buildConfigurationList = 288467D918B2A92F00E562BC /* Build configuration list for PBXProject "AVPlayerX" */;
			compatibilityVersion = "Xcode 3.2";
			developmentRegion = English;
			hasScannedForEncodings = 0;
			knownRegions = (
				en,
				Base,
			);
			mainGroup = 288467D518B2A92F00E562BC;
			productRefGroup = 288467DF18B2A92F00E562BC /* Products */;
			projectDirPath = "";
			projectRoot = "";
			targets = (
				288467DD18B2A92F00E562BC /* AVPlayerX */,
				288467FE18B2A92F00E562BC /* AVPlayerXTests */,
			);
		};
/* End PBXProject section */

/* Begin PBXResourcesBuildPhase section */
		288467DC18B2A92F00E562BC /* Resources */ = {
			isa = PBXResourcesBuildPhase;
			buildActionMask = 2147483647;
			files = (
				288467FA18B2A92F00E562BC /* Images.xcassets in Resources */,
				288467EC18B2A92F00E562BC /* InfoPlist.strings in Resources */,
				288467F518B2A92F00E562BC /* Main.storyboard in Resources */,
			);
			runOnlyForDeploymentPostprocessing = 0;
		};
		288467FD18B2A92F00E562BC /* Resources */ = {
			isa = PBXResourcesBuildPhase;
			buildActionMask = 2147483647;
			files = (
				2884680B18B2A92F00E562BC /* InfoPlist.strings in Resources */,
			);
			runOnlyForDeploymentPostprocessing = 0;
		};
/* End PBXResourcesBuildPhase section */

/* Begin PBXSourcesBuildPhase section */
		288467DA18B2A92F00E562BC /* Sources */ = {
			isa = PBXSourcesBuildPhase;
			buildActionMask = 2147483647;
			files = (
				288467EE18B2A92F00E562BC /* main.m in Sources */,
				288467F218B2A92F00E562BC /* FBFAppDelegate.m in Sources */,
				2884682018B2AFC800E562BC /* SimpleView.m in Sources */,
				288467F818B2A92F00E562BC /* FBFViewController.m in Sources */,
				2884681818B2A95F00E562BC /* PlayerView.m in Sources */,
				2884681D18B2A9E000E562BC /* PlayerViewController.m in Sources */,
			);
			runOnlyForDeploymentPostprocessing = 0;
		};
		288467FB18B2A92F00E562BC /* Sources */ = {
			isa = PBXSourcesBuildPhase;
			buildActionMask = 2147483647;
			files = (
				2884680D18B2A92F00E562BC /* AVPlayerXTests.m in Sources */,
			);
			runOnlyForDeploymentPostprocessing = 0;
		};
/* End PBXSourcesBuildPhase section */

/* Begin PBXTargetDependency section */
		2884680518B2A92F00E562BC /* PBXTargetDependency */ = {
			isa = PBXTargetDependency;
			target = 288467DD18B2A92F00E562BC /* AVPlayerX */;
			targetProxy = 2884680418B2A92F00E562BC /* PBXContainerItemProxy */;
		};
/* End PBXTargetDependency section */

/* Begin PBXVariantGroup section */
		288467EA18B2A92F00E562BC /* InfoPlist.strings */ = {
			isa = PBXVariantGroup;
			children = (
				288467EB18B2A92F00E562BC /* en */,
			);
			name = InfoPlist.strings;
			sourceTree = "<group>";
		};
		288467F318B2A92F00E562BC /* Main.storyboard */ = {
			isa = PBXVariantGroup;
			children = (
				288467F418B2A92F00E562BC /* Base */,
			);
			name = Main.storyboard;
			sourceTree = "<group>";
		};
		2884680918B2A92F00E562BC /* InfoPlist.strings */ = {
			isa = PBXVariantGroup;
			children = (
				2884680A18B2A92F00E562BC /* en */,
			);
			name = InfoPlist.strings;
			sourceTree = "<group>";
		};
/* End PBXVariantGroup section */

/* Begin XCBuildConfiguration section */
		2884680E18B2A92F00E562BC /* Debug */ = {
			isa = XCBuildConfiguration;
			buildSettings = {
				ALWAYS_SEARCH_USER_PATHS = NO;
				ARCHS = "$(ARCHS_STANDARD_INCLUDING_64_BIT)";
				CLANG_CXX_LANGUAGE_STANDARD = "gnu++0x";
				CLANG_CXX_LIBRARY = "libc++";
				CLANG_ENABLE_MODULES = YES;
				CLANG_ENABLE_OBJC_ARC = YES;
				CLANG_WARN_BOOL_CONVERSION = YES;
				CLANG_WARN_CONSTANT_CONVERSION = YES;
				CLANG_WARN_DIRECT_OBJC_ISA_USAGE = YES_ERROR;
				CLANG_WARN_EMPTY_BODY = YES;
				CLANG_WARN_ENUM_CONVERSION = YES;
				CLANG_WARN_INT_CONVERSION = YES;
				CLANG_WARN_OBJC_ROOT_CLASS = YES_ERROR;
				CLANG_WARN__DUPLICATE_METHOD_MATCH = YES;
				"CODE_SIGN_IDENTITY[sdk=iphoneos*]" = "iPhone Developer";
				COPY_PHASE_STRIP = NO;
				GCC_C_LANGUAGE_STANDARD = gnu99;
				GCC_DYNAMIC_NO_PIC = NO;
				GCC_OPTIMIZATION_LEVEL = 0;
				GCC_PREPROCESSOR_DEFINITIONS = (
					"DEBUG=1",
					"$(inherited)",
				);
				GCC_SYMBOLS_PRIVATE_EXTERN = NO;
				GCC_WARN_64_TO_32_BIT_CONVERSION = YES;
				GCC_WARN_ABOUT_RETURN_TYPE = YES_ERROR;
				GCC_WARN_UNDECLARED_SELECTOR = YES;
				GCC_WARN_UNINITIALIZED_AUTOS = YES;
				GCC_WARN_UNUSED_FUNCTION = YES;
				GCC_WARN_UNUSED_VARIABLE = YES;
				IPHONEOS_DEPLOYMENT_TARGET = 7.0;
				ONLY_ACTIVE_ARCH = YES;
				SDKROOT = iphoneos;
			};
			name = Debug;
		};
		2884680F18B2A92F00E562BC /* Release */ = {
			isa = XCBuildConfiguration;
			buildSettings = {
				ALWAYS_SEARCH_USER_PATHS = NO;
				ARCHS = "$(ARCHS_STANDARD_INCLUDING_64_BIT)";
				CLANG_CXX_LANGUAGE_STANDARD = "gnu++0x";
				CLANG_CXX_LIBRARY = "libc++";
				CLANG_ENABLE_MODULES = YES;
				CLANG_ENABLE_OBJC_ARC = YES;
				CLANG_WARN_BOOL_CONVERSION = YES;
				CLANG_WARN_CONSTANT_CONVERSION = YES;
				CLANG_WARN_DIRECT_OBJC_ISA_USAGE = YES_ERROR;
				CLANG_WARN_EMPTY_BODY = YES;
				CLANG_WARN_ENUM_CONVERSION = YES;
				CLANG_WARN_INT_CONVERSION = YES;
				CLANG_WARN_OBJC_ROOT_CLASS = YES_ERROR;
				CLANG_WARN__DUPLICATE_METHOD_MATCH = YES;
				"CODE_SIGN_IDENTITY[sdk=iphoneos*]" = "iPhone Developer";
				COPY_PHASE_STRIP = YES;
				ENABLE_NS_ASSERTIONS = NO;
				GCC_C_LANGUAGE_STANDARD = gnu99;
				GCC_WARN_64_TO_32_BIT_CONVERSION = YES;
				GCC_WARN_ABOUT_RETURN_TYPE = YES_ERROR;
				GCC_WARN_UNDECLARED_SELECTOR = YES;
				GCC_WARN_UNINITIALIZED_AUTOS = YES;
				GCC_WARN_UNUSED_FUNCTION = YES;
				GCC_WARN_UNUSED_VARIABLE = YES;
				IPHONEOS_DEPLOYMENT_TARGET = 7.0;
				SDKROOT = iphoneos;
				VALIDATE_PRODUCT = YES;
			};
			name = Release;
		};
		2884681118B2A92F00E562BC /* Debug */ = {
			isa = XCBuildConfiguration;
			buildSettings = {
				ASSETCATALOG_COMPILER_APPICON_NAME = AppIcon;
				ASSETCATALOG_COMPILER_LAUNCHIMAGE_NAME = LaunchImage;
				GCC_PRECOMPILE_PREFIX_HEADER = YES;
				GCC_PREFIX_HEADER = "AVPlayerX/AVPlayerX-Prefix.pch";
				INFOPLIST_FILE = "AVPlayerX/AVPlayerX-Info.plist";
				PRODUCT_NAME = "$(TARGET_NAME)";
				WRAPPER_EXTENSION = app;
			};
			name = Debug;
		};
		2884681218B2A92F00E562BC /* Release */ = {
			isa = XCBuildConfiguration;
			buildSettings = {
				ASSETCATALOG_COMPILER_APPICON_NAME = AppIcon;
				ASSETCATALOG_COMPILER_LAUNCHIMAGE_NAME = LaunchImage;
				GCC_PRECOMPILE_PREFIX_HEADER = YES;
				GCC_PREFIX_HEADER = "AVPlayerX/AVPlayerX-Prefix.pch";
				INFOPLIST_FILE = "AVPlayerX/AVPlayerX-Info.plist";
				PRODUCT_NAME = "$(TARGET_NAME)";
				WRAPPER_EXTENSION = app;
			};
			name = Release;
		};
		2884681418B2A92F00E562BC /* Debug */ = {
			isa = XCBuildConfiguration;
			buildSettings = {
				ARCHS = "$(ARCHS_STANDARD_INCLUDING_64_BIT)";
				BUNDLE_LOADER = "$(BUILT_PRODUCTS_DIR)/AVPlayerX.app/AVPlayerX";
				FRAMEWORK_SEARCH_PATHS = (
					"$(SDKROOT)/Developer/Library/Frameworks",
					"$(inherited)",
					"$(DEVELOPER_FRAMEWORKS_DIR)",
				);
				GCC_PRECOMPILE_PREFIX_HEADER = YES;
				GCC_PREFIX_HEADER = "AVPlayerX/AVPlayerX-Prefix.pch";
				GCC_PREPROCESSOR_DEFINITIONS = (
					"DEBUG=1",
					"$(inherited)",
				);
				INFOPLIST_FILE = "AVPlayerXTests/AVPlayerXTests-Info.plist";
				PRODUCT_NAME = "$(TARGET_NAME)";
				TEST_HOST = "$(BUNDLE_LOADER)";
				WRAPPER_EXTENSION = xctest;
			};
			name = Debug;
		};
		2884681518B2A92F00E562BC /* Release */ = {
			isa = XCBuildConfiguration;
			buildSettings = {
				ARCHS = "$(ARCHS_STANDARD_INCLUDING_64_BIT)";
				BUNDLE_LOADER = "$(BUILT_PRODUCTS_DIR)/AVPlayerX.app/AVPlayerX";
				FRAMEWORK_SEARCH_PATHS = (
					"$(SDKROOT)/Developer/Library/Frameworks",
					"$(inherited)",
					"$(DEVELOPER_FRAMEWORKS_DIR)",
				);
				GCC_PRECOMPILE_PREFIX_HEADER = YES;
				GCC_PREFIX_HEADER = "AVPlayerX/AVPlayerX-Prefix.pch";
				INFOPLIST_FILE = "AVPlayerXTests/AVPlayerXTests-Info.plist";
				PRODUCT_NAME = "$(TARGET_NAME)";
				TEST_HOST = "$(BUNDLE_LOADER)";
				WRAPPER_EXTENSION = xctest;
			};
			name = Release;
		};
/* End XCBuildConfiguration section */

/* Begin XCConfigurationList section */
		288467D918B2A92F00E562BC /* Build configuration list for PBXProject "AVPlayerX" */ = {
			isa = XCConfigurationList;
			buildConfigurations = (
				2884680E18B2A92F00E562BC /* Debug */,
				2884680F18B2A92F00E562BC /* Release */,
			);
			defaultConfigurationIsVisible = 0;
			defaultConfigurationName = Release;
		};
		2884681018B2A92F00E562BC /* Build configuration list for PBXNativeTarget "AVPlayerX" */ = {
			isa = XCConfigurationList;
			buildConfigurations = (
				2884681118B2A92F00E562BC /* Debug */,
				2884681218B2A92F00E562BC /* Release */,
			);
			defaultConfigurationIsVisible = 0;
		};
		2884681318B2A92F00E562BC /* Build configuration list for PBXNativeTarget "AVPlayerXTests" */ = {
			isa = XCConfigurationList;
			buildConfigurations = (
				2884681418B2A92F00E562BC /* Debug */,
				2884681518B2A92F00E562BC /* Release */,
			);
			defaultConfigurationIsVisible = 0;
		};
/* End XCConfigurationList section */
	};
	rootObject = 288467D618B2A92F00E562BC /* Project object */;
}
